// !$*UTF8*$!
{
	archiveVersion = 1;
	classes = {
	};
	objectVersion = 50;
	objects = {

/* Begin PBXBuildFile section */
		1E6304DD24CA2B8F0070CB8C /* Assets.xcassets in Resources */ = {isa = PBXBuildFile; fileRef = 1E6304DC24CA2B8E0070CB8C /* Assets.xcassets */; };
		1E6598C724B643F90085FEC0 /* MenuButtonNode.swift in Sources */ = {isa = PBXBuildFile; fileRef = 1E6598C624B643F90085FEC0 /* MenuButtonNode.swift */; };
		1E6598CF24B652CF0085FEC0 /* Main.storyboard in Resources */ = {isa = PBXBuildFile; fileRef = 1E6598CE24B652CF0085FEC0 /* Main.storyboard */; };
		1E70A8A024B7847800D0E44D /* SKSpriteNodeExtension.swift in Sources */ = {isa = PBXBuildFile; fileRef = 1E70A89F24B7847800D0E44D /* SKSpriteNodeExtension.swift */; };
		1E78AFFE24B62FF7007E0F75 /* AppDelegate.swift in Sources */ = {isa = PBXBuildFile; fileRef = 1E78AFFD24B62FF7007E0F75 /* AppDelegate.swift */; };
		1E78B00624B62FF7007E0F75 /* GameViewController.swift in Sources */ = {isa = PBXBuildFile; fileRef = 1E78B00524B62FF7007E0F75 /* GameViewController.swift */; };
		1E78B00E24B62FF9007E0F75 /* LaunchScreen.storyboard in Resources */ = {isa = PBXBuildFile; fileRef = 1E78B00C24B62FF9007E0F75 /* LaunchScreen.storyboard */; };
		1E78B01624B63253007E0F75 /* MainMenu.swift in Sources */ = {isa = PBXBuildFile; fileRef = 1E78B01524B63253007E0F75 /* MainMenu.swift */; };
		1E78B01824B63467007E0F75 /* GameChoices.swift in Sources */ = {isa = PBXBuildFile; fileRef = 1E78B01724B63467007E0F75 /* GameChoices.swift */; };
		1E82E83224D3368300FC9ABD /* teste.sks in Resources */ = {isa = PBXBuildFile; fileRef = 1E82E83124D3368300FC9ABD /* teste.sks */; };
		1E82E83524D3369300FC9ABD /* Cabana.png in Resources */ = {isa = PBXBuildFile; fileRef = 1E82E83424D3369300FC9ABD /* Cabana.png */; };
		1EA6416E24CF6825008E9A61 /* Pompiere-Regular.otf in Resources */ = {isa = PBXBuildFile; fileRef = 1EA6416D24CF6825008E9A61 /* Pompiere-Regular.otf */; };
		1EA6417224CF6E32008E9A61 /* Localizable.strings in Resources */ = {isa = PBXBuildFile; fileRef = 1EA6417424CF6E32008E9A61 /* Localizable.strings */; };
		1EA884C424C249660024F018 /* CoreDataManager.swift in Sources */ = {isa = PBXBuildFile; fileRef = 1EA884C324C249660024F018 /* CoreDataManager.swift */; };
		1EA884CA24C24F540024F018 /* ColaborativeGame.swift in Sources */ = {isa = PBXBuildFile; fileRef = 1EA884C924C24F540024F018 /* ColaborativeGame.swift */; };
		1EDC302124BE37E8000AE1A5 /* PickPlayers.swift in Sources */ = {isa = PBXBuildFile; fileRef = 1EDC302024BE37E8000AE1A5 /* PickPlayers.swift */; };
		1EF1790624BFA8110055C380 /* PickTeam.swift in Sources */ = {isa = PBXBuildFile; fileRef = 1EF1790524BFA8110055C380 /* PickTeam.swift */; };
		1EF1790A24BFA9D50055C380 /* Camp.xcdatamodeld in Sources */ = {isa = PBXBuildFile; fileRef = 1EF1790824BFA9D50055C380 /* Camp.xcdatamodeld */; };
		1EF64ED124B90524006762DE /* CompetetiveGame.swift in Sources */ = {isa = PBXBuildFile; fileRef = 1EF64ED024B90524006762DE /* CompetetiveGame.swift */; };
		1EFEB6AD24B7B8CE00E0FECF /* PersonalView.swift in Sources */ = {isa = PBXBuildFile; fileRef = 1EFEB6AC24B7B8CE00E0FECF /* PersonalView.swift */; };
		E36CEE1124C0C1950064F262 /* GameWon.swift in Sources */ = {isa = PBXBuildFile; fileRef = E36CEE1024C0C1950064F262 /* GameWon.swift */; };
		E36CEE1F24C0C8200064F262 /* Onboarding.swift in Sources */ = {isa = PBXBuildFile; fileRef = E36CEE1E24C0C8200064F262 /* Onboarding.swift */; };
/* End PBXBuildFile section */

/* Begin PBXFileReference section */
		1E6304DC24CA2B8E0070CB8C /* Assets.xcassets */ = {isa = PBXFileReference; lastKnownFileType = folder.assetcatalog; path = Assets.xcassets; sourceTree = "<group>"; };
		1E6598C624B643F90085FEC0 /* MenuButtonNode.swift */ = {isa = PBXFileReference; lastKnownFileType = sourcecode.swift; path = MenuButtonNode.swift; sourceTree = "<group>"; };
		1E6598CE24B652CF0085FEC0 /* Main.storyboard */ = {isa = PBXFileReference; fileEncoding = 4; lastKnownFileType = file.storyboard; path = Main.storyboard; sourceTree = "<group>"; };
		1E6958C024C8AFA7006C9F8A /* FamilyMember+CoreDataClass.swift */ = {isa = PBXFileReference; lastKnownFileType = sourcecode.swift; path = "FamilyMember+CoreDataClass.swift"; sourceTree = "<group>"; };
		1E6958C124C8AFA7006C9F8A /* FamilyMember+CoreDataProperties.swift */ = {isa = PBXFileReference; lastKnownFileType = sourcecode.swift; path = "FamilyMember+CoreDataProperties.swift"; sourceTree = "<group>"; };
		1E70A89F24B7847800D0E44D /* SKSpriteNodeExtension.swift */ = {isa = PBXFileReference; lastKnownFileType = sourcecode.swift; path = SKSpriteNodeExtension.swift; sourceTree = "<group>"; };
		1E78AFFA24B62FF7007E0F75 /* Cahoe.app */ = {isa = PBXFileReference; explicitFileType = wrapper.application; includeInIndex = 0; path = Cahoe.app; sourceTree = BUILT_PRODUCTS_DIR; };
		1E78AFFD24B62FF7007E0F75 /* AppDelegate.swift */ = {isa = PBXFileReference; lastKnownFileType = sourcecode.swift; path = AppDelegate.swift; sourceTree = "<group>"; };
		1E78B00524B62FF7007E0F75 /* GameViewController.swift */ = {isa = PBXFileReference; lastKnownFileType = sourcecode.swift; path = GameViewController.swift; sourceTree = "<group>"; };
		1E78B00D24B62FF9007E0F75 /* Base */ = {isa = PBXFileReference; lastKnownFileType = file.storyboard; name = Base; path = Base.lproj/LaunchScreen.storyboard; sourceTree = "<group>"; };
		1E78B00F24B62FF9007E0F75 /* Info.plist */ = {isa = PBXFileReference; lastKnownFileType = text.plist.xml; path = Info.plist; sourceTree = "<group>"; };
		1E78B01524B63253007E0F75 /* MainMenu.swift */ = {isa = PBXFileReference; lastKnownFileType = sourcecode.swift; path = MainMenu.swift; sourceTree = "<group>"; };
		1E78B01724B63467007E0F75 /* GameChoices.swift */ = {isa = PBXFileReference; lastKnownFileType = sourcecode.swift; path = GameChoices.swift; sourceTree = "<group>"; };
		1E82E83124D3368300FC9ABD /* teste.sks */ = {isa = PBXFileReference; lastKnownFileType = file.sks; path = teste.sks; sourceTree = "<group>"; };
		1E82E83424D3369300FC9ABD /* Cabana.png */ = {isa = PBXFileReference; lastKnownFileType = image.png; path = Cabana.png; sourceTree = "<group>"; };
		1EA6416D24CF6825008E9A61 /* Pompiere-Regular.otf */ = {isa = PBXFileReference; lastKnownFileType = file; path = "Pompiere-Regular.otf"; sourceTree = "<group>"; };
		1EA6417124CF6DFF008E9A61 /* pt-BR */ = {isa = PBXFileReference; lastKnownFileType = text.plist.strings; name = "pt-BR"; path = "pt-BR.lproj/LaunchScreen.strings"; sourceTree = "<group>"; };
		1EA6417324CF6E32008E9A61 /* pt-BR */ = {isa = PBXFileReference; lastKnownFileType = text.plist.strings; name = "pt-BR"; path = "pt-BR.lproj/Localizable.strings"; sourceTree = "<group>"; };
		1EA6417524CF6E3A008E9A61 /* en */ = {isa = PBXFileReference; lastKnownFileType = text.plist.strings; name = en; path = en.lproj/Localizable.strings; sourceTree = "<group>"; };
		1EA884C324C249660024F018 /* CoreDataManager.swift */ = {isa = PBXFileReference; lastKnownFileType = sourcecode.swift; path = CoreDataManager.swift; sourceTree = "<group>"; };
		1EA884C924C24F540024F018 /* ColaborativeGame.swift */ = {isa = PBXFileReference; lastKnownFileType = sourcecode.swift; path = ColaborativeGame.swift; sourceTree = "<group>"; };
		1EBD18AE24C7624D0036AF9B /* Family+CoreDataClass.swift */ = {isa = PBXFileReference; lastKnownFileType = sourcecode.swift; path = "Family+CoreDataClass.swift"; sourceTree = "<group>"; };
		1EBD18AF24C7624D0036AF9B /* Family+CoreDataProperties.swift */ = {isa = PBXFileReference; lastKnownFileType = sourcecode.swift; path = "Family+CoreDataProperties.swift"; sourceTree = "<group>"; };
		1EDC302024BE37E8000AE1A5 /* PickPlayers.swift */ = {isa = PBXFileReference; lastKnownFileType = sourcecode.swift; path = PickPlayers.swift; sourceTree = "<group>"; };
		1EF1790524BFA8110055C380 /* PickTeam.swift */ = {isa = PBXFileReference; lastKnownFileType = sourcecode.swift; path = PickTeam.swift; sourceTree = "<group>"; };
		1EF1790924BFA9D50055C380 /* Camp.xcdatamodel */ = {isa = PBXFileReference; lastKnownFileType = wrapper.xcdatamodel; path = Camp.xcdatamodel; sourceTree = "<group>"; };
		1EF64ED024B90524006762DE /* CompetetiveGame.swift */ = {isa = PBXFileReference; lastKnownFileType = sourcecode.swift; path = CompetetiveGame.swift; sourceTree = "<group>"; };
		1EFEB6AC24B7B8CE00E0FECF /* PersonalView.swift */ = {isa = PBXFileReference; lastKnownFileType = sourcecode.swift; path = PersonalView.swift; sourceTree = "<group>"; };
		E36CEE1024C0C1950064F262 /* GameWon.swift */ = {isa = PBXFileReference; fileEncoding = 4; lastKnownFileType = sourcecode.swift; path = GameWon.swift; sourceTree = "<group>"; };
		E36CEE1424C0C1E20064F262 /* Reward+CoreDataClass.swift */ = {isa = PBXFileReference; lastKnownFileType = sourcecode.swift; path = "Reward+CoreDataClass.swift"; sourceTree = "<group>"; };
		E36CEE1524C0C1E20064F262 /* Reward+CoreDataProperties.swift */ = {isa = PBXFileReference; lastKnownFileType = sourcecode.swift; path = "Reward+CoreDataProperties.swift"; sourceTree = "<group>"; };
		E36CEE1E24C0C8200064F262 /* Onboarding.swift */ = {isa = PBXFileReference; lastKnownFileType = sourcecode.swift; path = Onboarding.swift; sourceTree = "<group>"; };
/* End PBXFileReference section */

/* Begin PBXFrameworksBuildPhase section */
		1E78AFF724B62FF7007E0F75 /* Frameworks */ = {
			isa = PBXFrameworksBuildPhase;
			buildActionMask = 2147483647;
			files = (
			);
			runOnlyForDeploymentPostprocessing = 0;
		};
/* End PBXFrameworksBuildPhase section */

/* Begin PBXGroup section */
		1E6598D024B654FB0085FEC0 /* Scenes */ = {
			isa = PBXGroup;
			children = (
				1E78B01724B63467007E0F75 /* GameChoices.swift */,
				1E78B01524B63253007E0F75 /* MainMenu.swift */,
				1EFEB6AC24B7B8CE00E0FECF /* PersonalView.swift */,
				1EF64ED024B90524006762DE /* CompetetiveGame.swift */,
				1EDC302024BE37E8000AE1A5 /* PickPlayers.swift */,
				E36CEE1024C0C1950064F262 /* GameWon.swift */,
				1EF1790524BFA8110055C380 /* PickTeam.swift */,
				E36CEE1E24C0C8200064F262 /* Onboarding.swift */,
				1EA884C924C24F540024F018 /* ColaborativeGame.swift */,
				1E82E83124D3368300FC9ABD /* teste.sks */,
			);
			path = Scenes;
			sourceTree = "<group>";
		};
		1E6598D124B6552C0085FEC0 /* Nodes */ = {
			isa = PBXGroup;
			children = (
				1E6598C624B643F90085FEC0 /* MenuButtonNode.swift */,
			);
			path = Nodes;
			sourceTree = "<group>";
		};
		1E70A89E24B7846800D0E44D /* Extensions */ = {
			isa = PBXGroup;
			children = (
				1E70A89F24B7847800D0E44D /* SKSpriteNodeExtension.swift */,
			);
			path = Extensions;
			sourceTree = "<group>";
		};
		1E78AFF124B62FF7007E0F75 = {
			isa = PBXGroup;
			children = (
				1E78AFFC24B62FF7007E0F75 /* MC7-Camp */,
				1E78AFFB24B62FF7007E0F75 /* Products */,
			);
			sourceTree = "<group>";
		};
		1E78AFFB24B62FF7007E0F75 /* Products */ = {
			isa = PBXGroup;
			children = (
				1E78AFFA24B62FF7007E0F75 /* Cahoe.app */,
			);
			name = Products;
			sourceTree = "<group>";
		};
		1E78AFFC24B62FF7007E0F75 /* MC7-Camp */ = {
			isa = PBXGroup;
			children = (
				1E82E83324D3368900FC9ABD /* imgs */,
				1EA6416C24CF6811008E9A61 /* fonts */,
				1EA884C224C249520024F018 /* Managers */,
				1EF1790724BFA9BE0055C380 /* Core Data */,
				1E70A89E24B7846800D0E44D /* Extensions */,
				1E6598D124B6552C0085FEC0 /* Nodes */,
				1E6598D024B654FB0085FEC0 /* Scenes */,
				1E78AFFD24B62FF7007E0F75 /* AppDelegate.swift */,
				1EA6417424CF6E32008E9A61 /* Localizable.strings */,
				1E78B00524B62FF7007E0F75 /* GameViewController.swift */,
				1E6304DC24CA2B8E0070CB8C /* Assets.xcassets */,
				1E78B00C24B62FF9007E0F75 /* LaunchScreen.storyboard */,
				1E78B00F24B62FF9007E0F75 /* Info.plist */,
				1E6598CE24B652CF0085FEC0 /* Main.storyboard */,
			);
			path = "MC7-Camp";
			sourceTree = "<group>";
		};
		1E82E83324D3368900FC9ABD /* imgs */ = {
			isa = PBXGroup;
			children = (
				1E82E83424D3369300FC9ABD /* Cabana.png */,
			);
			path = imgs;
			sourceTree = "<group>";
		};
		1EA6416C24CF6811008E9A61 /* fonts */ = {
			isa = PBXGroup;
			children = (
				1EA6416D24CF6825008E9A61 /* Pompiere-Regular.otf */,
			);
			path = fonts;
			sourceTree = "<group>";
		};
		1EA884C224C249520024F018 /* Managers */ = {
			isa = PBXGroup;
			children = (
				1EA884C324C249660024F018 /* CoreDataManager.swift */,
			);
			path = Managers;
			sourceTree = "<group>";
		};
		1EF1790724BFA9BE0055C380 /* Core Data */ = {
			isa = PBXGroup;
			children = (
				E36CEE1424C0C1E20064F262 /* Reward+CoreDataClass.swift */,
				E36CEE1524C0C1E20064F262 /* Reward+CoreDataProperties.swift */,
				1EBD18AE24C7624D0036AF9B /* Family+CoreDataClass.swift */,
				1EBD18AF24C7624D0036AF9B /* Family+CoreDataProperties.swift */,
				1E6958C024C8AFA7006C9F8A /* FamilyMember+CoreDataClass.swift */,
				1E6958C124C8AFA7006C9F8A /* FamilyMember+CoreDataProperties.swift */,
				1EF1790824BFA9D50055C380 /* Camp.xcdatamodeld */,
			);
			path = "Core Data";
			sourceTree = "<group>";
		};
/* End PBXGroup section */

/* Begin PBXNativeTarget section */
		1E78AFF924B62FF7007E0F75 /* MC7-Camp */ = {
			isa = PBXNativeTarget;
			buildConfigurationList = 1E78B01224B62FF9007E0F75 /* Build configuration list for PBXNativeTarget "MC7-Camp" */;
			buildPhases = (
				1E78AFF624B62FF7007E0F75 /* Sources */,
				1E78AFF724B62FF7007E0F75 /* Frameworks */,
				1E78AFF824B62FF7007E0F75 /* Resources */,
			);
			buildRules = (
			);
			dependencies = (
			);
			name = "MC7-Camp";
			productName = "MC7-Camp";
			productReference = 1E78AFFA24B62FF7007E0F75 /* Cahoe.app */;
			productType = "com.apple.product-type.application";
		};
/* End PBXNativeTarget section */

/* Begin PBXProject section */
		1E78AFF224B62FF7007E0F75 /* Project object */ = {
			isa = PBXProject;
			attributes = {
				LastSwiftUpdateCheck = 1150;
				LastUpgradeCheck = 1150;
				ORGANIZATIONNAME = "Paula Leite";
				TargetAttributes = {
					1E78AFF924B62FF7007E0F75 = {
						CreatedOnToolsVersion = 11.5;
					};
				};
			};
			buildConfigurationList = 1E78AFF524B62FF7007E0F75 /* Build configuration list for PBXProject "MC7-Camp" */;
			compatibilityVersion = "Xcode 9.3";
			developmentRegion = en;
			hasScannedForEncodings = 0;
			knownRegions = (
				en,
				Base,
				"pt-BR",
			);
			mainGroup = 1E78AFF124B62FF7007E0F75;
			productRefGroup = 1E78AFFB24B62FF7007E0F75 /* Products */;
			projectDirPath = "";
			projectRoot = "";
			targets = (
				1E78AFF924B62FF7007E0F75 /* MC7-Camp */,
			);
		};
/* End PBXProject section */

/* Begin PBXResourcesBuildPhase section */
		1E78AFF824B62FF7007E0F75 /* Resources */ = {
			isa = PBXResourcesBuildPhase;
			buildActionMask = 2147483647;
			files = (
				1E6304DD24CA2B8F0070CB8C /* Assets.xcassets in Resources */,
				1E6598CF24B652CF0085FEC0 /* Main.storyboard in Resources */,
				1EA6417224CF6E32008E9A61 /* Localizable.strings in Resources */,
				1E78B00E24B62FF9007E0F75 /* LaunchScreen.storyboard in Resources */,
				1EA6416E24CF6825008E9A61 /* Pompiere-Regular.otf in Resources */,
				1E82E83224D3368300FC9ABD /* teste.sks in Resources */,
				1E82E83524D3369300FC9ABD /* Cabana.png in Resources */,
			);
			runOnlyForDeploymentPostprocessing = 0;
		};
/* End PBXResourcesBuildPhase section */

/* Begin PBXSourcesBuildPhase section */
		1E78AFF624B62FF7007E0F75 /* Sources */ = {
			isa = PBXSourcesBuildPhase;
			buildActionMask = 2147483647;
			files = (
				1EF64ED124B90524006762DE /* CompetetiveGame.swift in Sources */,
				1E6598C724B643F90085FEC0 /* MenuButtonNode.swift in Sources */,
				1E78B01824B63467007E0F75 /* GameChoices.swift in Sources */,
				E36CEE1F24C0C8200064F262 /* Onboarding.swift in Sources */,
				1EA884C424C249660024F018 /* CoreDataManager.swift in Sources */,
				1EFEB6AD24B7B8CE00E0FECF /* PersonalView.swift in Sources */,
				1EDC302124BE37E8000AE1A5 /* PickPlayers.swift in Sources */,
				1E78B00624B62FF7007E0F75 /* GameViewController.swift in Sources */,
				1EF1790A24BFA9D50055C380 /* Camp.xcdatamodeld in Sources */,
				1EF1790624BFA8110055C380 /* PickTeam.swift in Sources */,
				1E70A8A024B7847800D0E44D /* SKSpriteNodeExtension.swift in Sources */,
				1EA884CA24C24F540024F018 /* ColaborativeGame.swift in Sources */,
				1E78AFFE24B62FF7007E0F75 /* AppDelegate.swift in Sources */,
				1E78B01624B63253007E0F75 /* MainMenu.swift in Sources */,
				E36CEE1124C0C1950064F262 /* GameWon.swift in Sources */,
			);
			runOnlyForDeploymentPostprocessing = 0;
		};
/* End PBXSourcesBuildPhase section */

/* Begin PBXVariantGroup section */
		1E78B00C24B62FF9007E0F75 /* LaunchScreen.storyboard */ = {
			isa = PBXVariantGroup;
			children = (
				1E78B00D24B62FF9007E0F75 /* Base */,
				1EA6417124CF6DFF008E9A61 /* pt-BR */,
			);
			name = LaunchScreen.storyboard;
			sourceTree = "<group>";
		};
		1EA6417424CF6E32008E9A61 /* Localizable.strings */ = {
			isa = PBXVariantGroup;
			children = (
				1EA6417324CF6E32008E9A61 /* pt-BR */,
				1EA6417524CF6E3A008E9A61 /* en */,
			);
			name = Localizable.strings;
			sourceTree = "<group>";
		};
/* End PBXVariantGroup section */

/* Begin XCBuildConfiguration section */
		1E78B01024B62FF9007E0F75 /* Debug */ = {
			isa = XCBuildConfiguration;
			buildSettings = {
				ALWAYS_SEARCH_USER_PATHS = NO;
				CLANG_ANALYZER_LOCALIZABILITY_NONLOCALIZED = YES;
				CLANG_ANALYZER_NONNULL = YES;
				CLANG_ANALYZER_NUMBER_OBJECT_CONVERSION = YES_AGGRESSIVE;
				CLANG_CXX_LANGUAGE_STANDARD = "gnu++14";
				CLANG_CXX_LIBRARY = "libc++";
				CLANG_ENABLE_MODULES = YES;
				CLANG_ENABLE_OBJC_ARC = YES;
				CLANG_ENABLE_OBJC_WEAK = YES;
				CLANG_WARN_BLOCK_CAPTURE_AUTORELEASING = YES;
				CLANG_WARN_BOOL_CONVERSION = YES;
				CLANG_WARN_COMMA = YES;
				CLANG_WARN_CONSTANT_CONVERSION = YES;
				CLANG_WARN_DEPRECATED_OBJC_IMPLEMENTATIONS = YES;
				CLANG_WARN_DIRECT_OBJC_ISA_USAGE = YES_ERROR;
				CLANG_WARN_DOCUMENTATION_COMMENTS = YES;
				CLANG_WARN_EMPTY_BODY = YES;
				CLANG_WARN_ENUM_CONVERSION = YES;
				CLANG_WARN_INFINITE_RECURSION = YES;
				CLANG_WARN_INT_CONVERSION = YES;
				CLANG_WARN_NON_LITERAL_NULL_CONVERSION = YES;
				CLANG_WARN_OBJC_IMPLICIT_RETAIN_SELF = YES;
				CLANG_WARN_OBJC_LITERAL_CONVERSION = YES;
				CLANG_WARN_OBJC_ROOT_CLASS = YES_ERROR;
				CLANG_WARN_RANGE_LOOP_ANALYSIS = YES;
				CLANG_WARN_STRICT_PROTOTYPES = YES;
				CLANG_WARN_SUSPICIOUS_MOVE = YES;
				CLANG_WARN_UNGUARDED_AVAILABILITY = YES_AGGRESSIVE;
				CLANG_WARN_UNREACHABLE_CODE = YES;
				CLANG_WARN__DUPLICATE_METHOD_MATCH = YES;
				COPY_PHASE_STRIP = NO;
				DEBUG_INFORMATION_FORMAT = dwarf;
				ENABLE_STRICT_OBJC_MSGSEND = YES;
				ENABLE_TESTABILITY = YES;
				GCC_C_LANGUAGE_STANDARD = gnu11;
				GCC_DYNAMIC_NO_PIC = NO;
				GCC_NO_COMMON_BLOCKS = YES;
				GCC_OPTIMIZATION_LEVEL = 0;
				GCC_PREPROCESSOR_DEFINITIONS = (
					"DEBUG=1",
					"$(inherited)",
				);
				GCC_WARN_64_TO_32_BIT_CONVERSION = YES;
				GCC_WARN_ABOUT_RETURN_TYPE = YES_ERROR;
				GCC_WARN_UNDECLARED_SELECTOR = YES;
				GCC_WARN_UNINITIALIZED_AUTOS = YES_AGGRESSIVE;
				GCC_WARN_UNUSED_FUNCTION = YES;
				GCC_WARN_UNUSED_VARIABLE = YES;
				MTL_ENABLE_DEBUG_INFO = INCLUDE_SOURCE;
				MTL_FAST_MATH = YES;
				ONLY_ACTIVE_ARCH = YES;
				SDKROOT = appletvos;
				SWIFT_ACTIVE_COMPILATION_CONDITIONS = DEBUG;
				SWIFT_OPTIMIZATION_LEVEL = "-Onone";
				TVOS_DEPLOYMENT_TARGET = 13.4;
			};
			name = Debug;
		};
		1E78B01124B62FF9007E0F75 /* Release */ = {
			isa = XCBuildConfiguration;
			buildSettings = {
				ALWAYS_SEARCH_USER_PATHS = NO;
				CLANG_ANALYZER_LOCALIZABILITY_NONLOCALIZED = YES;
				CLANG_ANALYZER_NONNULL = YES;
				CLANG_ANALYZER_NUMBER_OBJECT_CONVERSION = YES_AGGRESSIVE;
				CLANG_CXX_LANGUAGE_STANDARD = "gnu++14";
				CLANG_CXX_LIBRARY = "libc++";
				CLANG_ENABLE_MODULES = YES;
				CLANG_ENABLE_OBJC_ARC = YES;
				CLANG_ENABLE_OBJC_WEAK = YES;
				CLANG_WARN_BLOCK_CAPTURE_AUTORELEASING = YES;
				CLANG_WARN_BOOL_CONVERSION = YES;
				CLANG_WARN_COMMA = YES;
				CLANG_WARN_CONSTANT_CONVERSION = YES;
				CLANG_WARN_DEPRECATED_OBJC_IMPLEMENTATIONS = YES;
				CLANG_WARN_DIRECT_OBJC_ISA_USAGE = YES_ERROR;
				CLANG_WARN_DOCUMENTATION_COMMENTS = YES;
				CLANG_WARN_EMPTY_BODY = YES;
				CLANG_WARN_ENUM_CONVERSION = YES;
				CLANG_WARN_INFINITE_RECURSION = YES;
				CLANG_WARN_INT_CONVERSION = YES;
				CLANG_WARN_NON_LITERAL_NULL_CONVERSION = YES;
				CLANG_WARN_OBJC_IMPLICIT_RETAIN_SELF = YES;
				CLANG_WARN_OBJC_LITERAL_CONVERSION = YES;
				CLANG_WARN_OBJC_ROOT_CLASS = YES_ERROR;
				CLANG_WARN_RANGE_LOOP_ANALYSIS = YES;
				CLANG_WARN_STRICT_PROTOTYPES = YES;
				CLANG_WARN_SUSPICIOUS_MOVE = YES;
				CLANG_WARN_UNGUARDED_AVAILABILITY = YES_AGGRESSIVE;
				CLANG_WARN_UNREACHABLE_CODE = YES;
				CLANG_WARN__DUPLICATE_METHOD_MATCH = YES;
				COPY_PHASE_STRIP = NO;
				DEBUG_INFORMATION_FORMAT = "dwarf-with-dsym";
				ENABLE_NS_ASSERTIONS = NO;
				ENABLE_STRICT_OBJC_MSGSEND = YES;
				GCC_C_LANGUAGE_STANDARD = gnu11;
				GCC_NO_COMMON_BLOCKS = YES;
				GCC_WARN_64_TO_32_BIT_CONVERSION = YES;
				GCC_WARN_ABOUT_RETURN_TYPE = YES_ERROR;
				GCC_WARN_UNDECLARED_SELECTOR = YES;
				GCC_WARN_UNINITIALIZED_AUTOS = YES_AGGRESSIVE;
				GCC_WARN_UNUSED_FUNCTION = YES;
				GCC_WARN_UNUSED_VARIABLE = YES;
				MTL_ENABLE_DEBUG_INFO = NO;
				MTL_FAST_MATH = YES;
				SDKROOT = appletvos;
				SWIFT_COMPILATION_MODE = wholemodule;
				SWIFT_OPTIMIZATION_LEVEL = "-O";
				TVOS_DEPLOYMENT_TARGET = 13.4;
				VALIDATE_PRODUCT = YES;
			};
			name = Release;
		};
		1E78B01324B62FF9007E0F75 /* Debug */ = {
			isa = XCBuildConfiguration;
			buildSettings = {
				ASSETCATALOG_COMPILER_APPICON_NAME = "App Icon & Top Shelf Image";
				CODE_SIGN_STYLE = Automatic;
				DEVELOPMENT_TEAM = 532N45X4ZD;
				INFOPLIST_FILE = "MC7-Camp/Info.plist";
				LD_RUNPATH_SEARCH_PATHS = (
					"$(inherited)",
					"@executable_path/Frameworks",
				);
				PRODUCT_BUNDLE_IDENTIFIER = "alp.MC7-Camp";
				PRODUCT_NAME = Cahoe;
				SWIFT_VERSION = 5.0;
				TARGETED_DEVICE_FAMILY = 3;
			};
			name = Debug;
		};
		1E78B01424B62FF9007E0F75 /* Release */ = {
			isa = XCBuildConfiguration;
			buildSettings = {
				ASSETCATALOG_COMPILER_APPICON_NAME = "App Icon & Top Shelf Image";
				CODE_SIGN_STYLE = Automatic;
				DEVELOPMENT_TEAM = 532N45X4ZD;
				INFOPLIST_FILE = "MC7-Camp/Info.plist";
				LD_RUNPATH_SEARCH_PATHS = (
					"$(inherited)",
					"@executable_path/Frameworks",
				);
				PRODUCT_BUNDLE_IDENTIFIER = "alp.MC7-Camp";
				PRODUCT_NAME = Cahoe;
				SWIFT_VERSION = 5.0;
				TARGETED_DEVICE_FAMILY = 3;
			};
			name = Release;
		};
/* End XCBuildConfiguration section */

/* Begin XCConfigurationList section */
		1E78AFF524B62FF7007E0F75 /* Build configuration list for PBXProject "MC7-Camp" */ = {
			isa = XCConfigurationList;
			buildConfigurations = (
				1E78B01024B62FF9007E0F75 /* Debug */,
				1E78B01124B62FF9007E0F75 /* Release */,
			);
			defaultConfigurationIsVisible = 0;
			defaultConfigurationName = Release;
		};
		1E78B01224B62FF9007E0F75 /* Build configuration list for PBXNativeTarget "MC7-Camp" */ = {
			isa = XCConfigurationList;
			buildConfigurations = (
				1E78B01324B62FF9007E0F75 /* Debug */,
				1E78B01424B62FF9007E0F75 /* Release */,
			);
			defaultConfigurationIsVisible = 0;
			defaultConfigurationName = Release;
		};
/* End XCConfigurationList section */

/* Begin XCVersionGroup section */
		1EF1790824BFA9D50055C380 /* Camp.xcdatamodeld */ = {
			isa = XCVersionGroup;
			children = (
				1EF1790924BFA9D50055C380 /* Camp.xcdatamodel */,
			);
			currentVersion = 1EF1790924BFA9D50055C380 /* Camp.xcdatamodel */;
			path = Camp.xcdatamodeld;
			sourceTree = "<group>";
			versionGroupType = wrapper.xcdatamodel;
		};
/* End XCVersionGroup section */
	};
	rootObject = 1E78AFF224B62FF7007E0F75 /* Project object */;
}
